
Microsoft Visual Studio Solution File, Format Version 12.00
# Visual Studio Express 2012 for Windows Desktop
Project("{FAE04EC0-301F-11D3-BF4B-00C04F79EFBC}") = "Repulsion Of Points On Mesh", "Repulsion Of Points On Mesh\Repulsion Of Points On Mesh.csproj", "{BD63FD55-D4B1-42B1-BEE6-256C6542FD6F}"
EndProject
Global
	GlobalSection(SolutionConfigurationPlatforms) = preSolution
		Debug|Any CPU = Debug|Any CPU
		Release|Any CPU = Release|Any CPU
	EndGlobalSection
	GlobalSection(ProjectConfigurationPlatforms) = postSolution
		{BD63FD55-D4B1-42B1-BEE6-256C6542FD6F}.Debug|Any CPU.ActiveCfg = Debug|Any CPU
		{BD63FD55-D4B1-42B1-BEE6-256C6542FD6F}.Debug|Any CPU.Build.0 = Debug|Any CPU
		{BD63FD55-D4B1-42B1-BEE6-256C6542FD6F}.Release|Any CPU.ActiveCfg = Release|Any CPU
		{BD63FD55-D4B1-42B1-BEE6-256C6542FD6F}.Release|Any CPU.Build.0 = Release|Any CPU
	EndGlobalSection
	GlobalSection(SolutionProperties) = preSolution
		HideSolutionNode = FALSE
	EndGlobalSection
EndGlobal
